
Microsoft Visual Studio Solution File, Format Version 12.00
# Visual Studio Version 17
VisualStudioVersion = 17.8.34309.116
MinimumVisualStudioVersion = 10.0.40219.1
Project("{FAE04EC0-301F-11D3-BF4B-00C04F79EFBC}") = "WinFormsApp1", "WinFormsApp1\WinFormsApp1.csproj", "{396A5B85-D1BF-41CB-B73B-009B9C413A3D}"
EndProject
Global
	GlobalSection(SolutionConfigurationPlatforms) = preSolution
		Debug|Any CPU = Debug|Any CPU
		Release|Any CPU = Release|Any CPU
	EndGlobalSection
	GlobalSection(ProjectConfigurationPlatforms) = postSolution
		{396A5B85-D1BF-41CB-B73B-009B9C413A3D}.Debug|Any CPU.ActiveCfg = Debug|Any CPU
		{396A5B85-D1BF-41CB-B73B-009B9C413A3D}.Debug|Any CPU.Build.0 = Debug|Any CPU
		{396A5B85-D1BF-41CB-B73B-009B9C413A3D}.Release|Any CPU.ActiveCfg = Release|Any CPU
		{396A5B85-D1BF-41CB-B73B-009B9C413A3D}.Release|Any CPU.Build.0 = Release|Any CPU
	EndGlobalSection
	GlobalSection(SolutionProperties) = preSolution
		HideSolutionNode = FALSE
	EndGlobalSection
	GlobalSection(ExtensibilityGlobals) = postSolution
		SolutionGuid = {FAFCB94E-F77A-4D0B-962B-8574904307B0}
	EndGlobalSection
EndGlobal
